
Microsoft Visual Studio Solution File, Format Version 12.00
# Visual Studio 15
VisualStudioVersion = 15.0.28307.271
MinimumVisualStudioVersion = 10.0.40219.1
Project("{FAE04EC0-301F-11D3-BF4B-00C04F79EFBC}") = "Composite", "Composite\Composite.csproj", "{776B1E70-86A4-4262-8127-A79A9ADF0DFD}"
EndProject
Project("{FAE04EC0-301F-11D3-BF4B-00C04F79EFBC}") = "Remove Vowels", "Remove Vowels\Remove Vowels.csproj", "{68C5DE94-B639-4B30-A472-DB02BC37597F}"
EndProject
Project("{FAE04EC0-301F-11D3-BF4B-00C04F79EFBC}") = "Asterisk", "Asterisk\Asterisk.csproj", "{75E131FB-81AE-4B1C-A165-950CA5B19A51}"
EndProject
Project("{FAE04EC0-301F-11D3-BF4B-00C04F79EFBC}") = "Trim", "Trim\Trim.csproj", "{6F9F1789-42D9-4DD2-AE81-358C03FCDF40}"
EndProject
Global
	GlobalSection(SolutionConfigurationPlatforms) = preSolution
		Debug|Any CPU = Debug|Any CPU
		Release|Any CPU = Release|Any CPU
	EndGlobalSection
	GlobalSection(ProjectConfigurationPlatforms) = postSolution
		{776B1E70-86A4-4262-8127-A79A9ADF0DFD}.Debug|Any CPU.ActiveCfg = Debug|Any CPU
		{776B1E70-86A4-4262-8127-A79A9ADF0DFD}.Debug|Any CPU.Build.0 = Debug|Any CPU
		{776B1E70-86A4-4262-8127-A79A9ADF0DFD}.Release|Any CPU.ActiveCfg = Release|Any CPU
		{776B1E70-86A4-4262-8127-A79A9ADF0DFD}.Release|Any CPU.Build.0 = Release|Any CPU
		{68C5DE94-B639-4B30-A472-DB02BC37597F}.Debug|Any CPU.ActiveCfg = Debug|Any CPU
		{68C5DE94-B639-4B30-A472-DB02BC37597F}.Debug|Any CPU.Build.0 = Debug|Any CPU
		{68C5DE94-B639-4B30-A472-DB02BC37597F}.Release|Any CPU.ActiveCfg = Release|Any CPU
		{68C5DE94-B639-4B30-A472-DB02BC37597F}.Release|Any CPU.Build.0 = Release|Any CPU
		{75E131FB-81AE-4B1C-A165-950CA5B19A51}.Debug|Any CPU.ActiveCfg = Debug|Any CPU
		{75E131FB-81AE-4B1C-A165-950CA5B19A51}.Debug|Any CPU.Build.0 = Debug|Any CPU
		{75E131FB-81AE-4B1C-A165-950CA5B19A51}.Release|Any CPU.ActiveCfg = Release|Any CPU
		{75E131FB-81AE-4B1C-A165-950CA5B19A51}.Release|Any CPU.Build.0 = Release|Any CPU
		{6F9F1789-42D9-4DD2-AE81-358C03FCDF40}.Debug|Any CPU.ActiveCfg = Debug|Any CPU
		{6F9F1789-42D9-4DD2-AE81-358C03FCDF40}.Debug|Any CPU.Build.0 = Debug|Any CPU
		{6F9F1789-42D9-4DD2-AE81-358C03FCDF40}.Release|Any CPU.ActiveCfg = Release|Any CPU
		{6F9F1789-42D9-4DD2-AE81-358C03FCDF40}.Release|Any CPU.Build.0 = Release|Any CPU
	EndGlobalSection
	GlobalSection(SolutionProperties) = preSolution
		HideSolutionNode = FALSE
	EndGlobalSection
	GlobalSection(ExtensibilityGlobals) = postSolution
		SolutionGuid = {65B0C00E-A2DF-427F-9B32-23861DFB9A75}
	EndGlobalSection
EndGlobal
